// !$*UTF8*$!
{
	archiveVersion = 1;
	classes = {
	};
	objectVersion = 46;
	objects = {

/* Begin PBXBuildFile section */
		6799D1A01A5D9FD400B8840D /* PrettyColors.framework in Copy Frameworks */ = {isa = PBXBuildFile; fileRef = 67B8DD621A5C86B400F4CE19 /* PrettyColors.framework */; settings = {ATTRIBUTES = (CodeSignOnCopy, RemoveHeadersOnCopy, ); }; };
		67A7B3A21D10499500280ABD /* Color · EightBit.swift in Sources */ = {isa = PBXBuildFile; fileRef = 67A7B39A1D1048DB00280ABD /* Color · EightBit.swift */; };
		67A7B3A31D10499500280ABD /* Color · Named.swift in Sources */ = {isa = PBXBuildFile; fileRef = 67A7B39B1D1048DB00280ABD /* Color · Named.swift */; };
		67A7B3A41D10499500280ABD /* Color.swift in Sources */ = {isa = PBXBuildFile; fileRef = 67A7B39C1D1048DB00280ABD /* Color.swift */; };
		67A7B3A51D10499500280ABD /* ColorWrap.swift in Sources */ = {isa = PBXBuildFile; fileRef = 67A7B39D1D1048DB00280ABD /* ColorWrap.swift */; };
		67B8DD6D1A5C86B500F4CE19 /* PrettyColors.framework in Frameworks */ = {isa = PBXBuildFile; fileRef = 67B8DD621A5C86B400F4CE19 /* PrettyColors.framework */; };
		67B8DD7B1A5C86D700F4CE19 /* ECMA 48.swift in Sources */ = {isa = PBXBuildFile; fileRef = 673900C91A546F880066713B /* ECMA 48.swift */; };
		67B8DD7C1A5C86D700F4CE19 /* StyleParameter.swift in Sources */ = {isa = PBXBuildFile; fileRef = 673900C71A546F530066713B /* StyleParameter.swift */; };
		67B8DD821A5C86E600F4CE19 /* PrettyColors.h in Headers */ = {isa = PBXBuildFile; fileRef = 673900B01A546F2D0066713B /* PrettyColors.h */; settings = {ATTRIBUTES = (Public, ); }; };
		67E36B6D1A78267E00B3686F /* PrettyColorsTests.swift in Sources */ = {isa = PBXBuildFile; fileRef = 673900BD1A546F2D0066713B /* PrettyColorsTests.swift */; };
		67E36B6E1A78305F00B3686F /* Equality.swift in Sources */ = {isa = PBXBuildFile; fileRef = 67843C211A6102200061C1D3 /* Equality.swift */; };
/* End PBXBuildFile section */

/* Begin PBXContainerItemProxy section */
		67B8DD6E1A5C86B500F4CE19 /* PBXContainerItemProxy */ = {
			isa = PBXContainerItemProxy;
			containerPortal = 673900A21A546F2C0066713B /* Project object */;
			proxyType = 1;
			remoteGlobalIDString = 67B8DD611A5C86B400F4CE19;
			remoteInfo = PrettyColors;
		};
/* End PBXContainerItemProxy section */

/* Begin PBXCopyFilesBuildPhase section */
		6799D19F1A5D9FCC00B8840D /* Copy Frameworks */ = {
			isa = PBXCopyFilesBuildPhase;
			buildActionMask = 2147483647;
			dstPath = "";
			dstSubfolderSpec = 10;
			files = (
				6799D1A01A5D9FD400B8840D /* PrettyColors.framework in Copy Frameworks */,
			);
			name = "Copy Frameworks";
			runOnlyForDeploymentPostprocessing = 0;
		};
/* End PBXCopyFilesBuildPhase section */

/* Begin PBXFileReference section */
		6706DD661D2456F500B22F19 /* Configuration.xcconfig */ = {isa = PBXFileReference; fileEncoding = 4; lastKnownFileType = text.xcconfig; path = Configuration.xcconfig; sourceTree = "<group>"; };
		6706DD681D2456FF00B22F19 /* Configuration.xcconfig */ = {isa = PBXFileReference; fileEncoding = 4; lastKnownFileType = text.xcconfig; path = Configuration.xcconfig; sourceTree = "<group>"; };
		673900AF1A546F2D0066713B /* Info.plist */ = {isa = PBXFileReference; lastKnownFileType = text.plist.xml; path = Info.plist; sourceTree = "<group>"; };
		673900B01A546F2D0066713B /* PrettyColors.h */ = {isa = PBXFileReference; lastKnownFileType = sourcecode.c.h; path = PrettyColors.h; sourceTree = "<group>"; };
		673900BC1A546F2D0066713B /* Info.plist */ = {isa = PBXFileReference; lastKnownFileType = text.plist.xml; path = Info.plist; sourceTree = "<group>"; };
		673900BD1A546F2D0066713B /* PrettyColorsTests.swift */ = {isa = PBXFileReference; lastKnownFileType = sourcecode.swift; name = PrettyColorsTests.swift; path = Unit/PrettyColorsTests.swift; sourceTree = "<group>"; };
		673900C71A546F530066713B /* StyleParameter.swift */ = {isa = PBXFileReference; fileEncoding = 4; lastKnownFileType = sourcecode.swift; path = StyleParameter.swift; sourceTree = "<group>"; };
		673900C91A546F880066713B /* ECMA 48.swift */ = {isa = PBXFileReference; fileEncoding = 4; lastKnownFileType = sourcecode.swift; path = "ECMA 48.swift"; sourceTree = "<group>"; };
		67843C211A6102200061C1D3 /* Equality.swift */ = {isa = PBXFileReference; fileEncoding = 4; lastKnownFileType = sourcecode.swift; name = Equality.swift; path = Unit/Equality.swift; sourceTree = "<group>"; };
		67A7B39A1D1048DB00280ABD /* Color · EightBit.swift */ = {isa = PBXFileReference; fileEncoding = 4; lastKnownFileType = sourcecode.swift; path = "Color · EightBit.swift"; sourceTree = "<group>"; };
		67A7B39B1D1048DB00280ABD /* Color · Named.swift */ = {isa = PBXFileReference; fileEncoding = 4; lastKnownFileType = sourcecode.swift; path = "Color · Named.swift"; sourceTree = "<group>"; };
		67A7B39C1D1048DB00280ABD /* Color.swift */ = {isa = PBXFileReference; fileEncoding = 4; lastKnownFileType = sourcecode.swift; path = Color.swift; sourceTree = "<group>"; };
		67A7B39D1D1048DB00280ABD /* ColorWrap.swift */ = {isa = PBXFileReference; fileEncoding = 4; lastKnownFileType = sourcecode.swift; path = ColorWrap.swift; sourceTree = "<group>"; };
		67B8DD621A5C86B400F4CE19 /* PrettyColors.framework */ = {isa = PBXFileReference; explicitFileType = wrapper.framework; includeInIndex = 0; path = PrettyColors.framework; sourceTree = BUILT_PRODUCTS_DIR; };
		67B8DD6C1A5C86B500F4CE19 /* PrettyColorsTests.xctest */ = {isa = PBXFileReference; explicitFileType = wrapper.cfbundle; includeInIndex = 0; path = PrettyColorsTests.xctest; sourceTree = BUILT_PRODUCTS_DIR; };
/* End PBXFileReference section */

/* Begin PBXFrameworksBuildPhase section */
		67B8DD5E1A5C86B400F4CE19 /* Frameworks */ = {
			isa = PBXFrameworksBuildPhase;
			buildActionMask = 2147483647;
			files = (
			);
			runOnlyForDeploymentPostprocessing = 0;
		};
		67B8DD691A5C86B500F4CE19 /* Frameworks */ = {
			isa = PBXFrameworksBuildPhase;
			buildActionMask = 2147483647;
			files = (
				67B8DD6D1A5C86B500F4CE19 /* PrettyColors.framework in Frameworks */,
			);
			runOnlyForDeploymentPostprocessing = 0;
		};
/* End PBXFrameworksBuildPhase section */

/* Begin PBXGroup section */
		673900A11A546F2C0066713B = {
			isa = PBXGroup;
			children = (
				673900AD1A546F2D0066713B /* Source */,
				673900AE1A546F2D0066713B /* Supporting Files */,
				673900BA1A546F2D0066713B /* Tests */,
				673900AC1A546F2D0066713B /* Products */,
			);
			sourceTree = "<group>";
		};
		673900AC1A546F2D0066713B /* Products */ = {
			isa = PBXGroup;
			children = (
				67B8DD621A5C86B400F4CE19 /* PrettyColors.framework */,
				67B8DD6C1A5C86B500F4CE19 /* PrettyColorsTests.xctest */,
			);
			name = Products;
			sourceTree = "<group>";
		};
		673900AD1A546F2D0066713B /* Source */ = {
			isa = PBXGroup;
			children = (
				67A7B39A1D1048DB00280ABD /* Color · EightBit.swift */,
				67A7B39B1D1048DB00280ABD /* Color · Named.swift */,
				67A7B39C1D1048DB00280ABD /* Color.swift */,
				67A7B39D1D1048DB00280ABD /* ColorWrap.swift */,
				673900C91A546F880066713B /* ECMA 48.swift */,
				673900C71A546F530066713B /* StyleParameter.swift */,
				673900B01A546F2D0066713B /* PrettyColors.h */,
			);
			path = Source;
			sourceTree = "<group>";
		};
		673900AE1A546F2D0066713B /* Supporting Files */ = {
			isa = PBXGroup;
			children = (
				6706DD661D2456F500B22F19 /* Configuration.xcconfig */,
				673900AF1A546F2D0066713B /* Info.plist */,
			);
			path = "Supporting Files";
			sourceTree = "<group>";
		};
		673900BA1A546F2D0066713B /* Tests */ = {
			isa = PBXGroup;
			children = (
				673900BD1A546F2D0066713B /* PrettyColorsTests.swift */,
				67843C211A6102200061C1D3 /* Equality.swift */,
				673900BB1A546F2D0066713B /* Supporting Files */,
			);
			path = Tests;
			sourceTree = "<group>";
		};
		673900BB1A546F2D0066713B /* Supporting Files */ = {
			isa = PBXGroup;
			children = (
				6706DD681D2456FF00B22F19 /* Configuration.xcconfig */,
				673900BC1A546F2D0066713B /* Info.plist */,
			);
			path = "Supporting Files";
			sourceTree = "<group>";
		};
/* End PBXGroup section */

/* Begin PBXHeadersBuildPhase section */
		67B8DD5F1A5C86B400F4CE19 /* Headers */ = {
			isa = PBXHeadersBuildPhase;
			buildActionMask = 2147483647;
			files = (
				67B8DD821A5C86E600F4CE19 /* PrettyColors.h in Headers */,
			);
			runOnlyForDeploymentPostprocessing = 0;
		};
/* End PBXHeadersBuildPhase section */

/* Begin PBXNativeTarget section */
		67B8DD611A5C86B400F4CE19 /* PrettyColors */ = {
			isa = PBXNativeTarget;
			buildConfigurationList = 67B8DD751A5C86B500F4CE19 /* Build configuration list for PBXNativeTarget "PrettyColors" */;
			buildPhases = (
				67B8DD5D1A5C86B400F4CE19 /* Sources */,
				67B8DD5E1A5C86B400F4CE19 /* Frameworks */,
				67B8DD5F1A5C86B400F4CE19 /* Headers */,
				67B8DD601A5C86B400F4CE19 /* Resources */,
			);
			buildRules = (
			);
			dependencies = (
			);
			name = PrettyColors;
			productName = PrettyColors;
			productReference = 67B8DD621A5C86B400F4CE19 /* PrettyColors.framework */;
			productType = "com.apple.product-type.framework";
		};
		67B8DD6B1A5C86B500F4CE19 /* PrettyColorsTests */ = {
			isa = PBXNativeTarget;
			buildConfigurationList = 67B8DD781A5C86B500F4CE19 /* Build configuration list for PBXNativeTarget "PrettyColorsTests" */;
			buildPhases = (
				67241DD01D41596400D0D8C4 /* Error on watchOS */,
				67B8DD681A5C86B500F4CE19 /* Sources */,
				67B8DD691A5C86B500F4CE19 /* Frameworks */,
				6799D19F1A5D9FCC00B8840D /* Copy Frameworks */,
			);
			buildRules = (
			);
			dependencies = (
				67B8DD6F1A5C86B500F4CE19 /* PBXTargetDependency */,
			);
			name = PrettyColorsTests;
			productName = PrettyColorsTests;
			productReference = 67B8DD6C1A5C86B500F4CE19 /* PrettyColorsTests.xctest */;
			productType = "com.apple.product-type.bundle.unit-test";
		};
/* End PBXNativeTarget section */

/* Begin PBXProject section */
		673900A21A546F2C0066713B /* Project object */ = {
			isa = PBXProject;
			attributes = {
				LastSwiftUpdateCheck = 0700;
				LastUpgradeCheck = 0700;
				ORGANIZATIONNAME = "J.D. Healy";
				TargetAttributes = {
					67B8DD611A5C86B400F4CE19 = {
						CreatedOnToolsVersion = 6.2;
						LastSwiftMigration = 0800;
					};
					67B8DD6B1A5C86B500F4CE19 = {
						CreatedOnToolsVersion = 6.2;
						LastSwiftMigration = 0800;
					};
				};
			};
			buildConfigurationList = 673900A51A546F2C0066713B /* Build configuration list for PBXProject "PrettyColors" */;
			compatibilityVersion = "Xcode 3.2";
			developmentRegion = English;
			hasScannedForEncodings = 0;
			knownRegions = (
				en,
			);
			mainGroup = 673900A11A546F2C0066713B;
			productRefGroup = 673900AC1A546F2D0066713B /* Products */;
			projectDirPath = "";
			projectRoot = "";
			targets = (
				67B8DD611A5C86B400F4CE19 /* PrettyColors */,
				67B8DD6B1A5C86B500F4CE19 /* PrettyColorsTests */,
			);
		};
/* End PBXProject section */

/* Begin PBXResourcesBuildPhase section */
		67B8DD601A5C86B400F4CE19 /* Resources */ = {
			isa = PBXResourcesBuildPhase;
			buildActionMask = 2147483647;
			files = (
			);
			runOnlyForDeploymentPostprocessing = 0;
		};
/* End PBXResourcesBuildPhase section */

/* Begin PBXShellScriptBuildPhase section */
		67241DD01D41596400D0D8C4 /* Error on watchOS */ = {
			isa = PBXShellScriptBuildPhase;
			buildActionMask = 2147483647;
			files = (
			);
			inputPaths = (
			);
			name = "Error on watchOS";
			outputPaths = (
			);
			runOnlyForDeploymentPostprocessing = 0;
			shellPath = /bin/zsh;
			shellScript = "if [[ ${PLATFORM_NAME} == 'watchos' ]] || [[ ${CORRESPONDING_DEVICE_PLATFORM_NAME} == 'watchos' ]] {\n    echo 'error: ‘watchOS’ platforms do not contain ‘XCTest’.'\n    exit 65\n}";
			showEnvVarsInLog = 0;
		};
/* End PBXShellScriptBuildPhase section */

/* Begin PBXSourcesBuildPhase section */
		67B8DD5D1A5C86B400F4CE19 /* Sources */ = {
			isa = PBXSourcesBuildPhase;
			buildActionMask = 2147483647;
			files = (
				67B8DD7B1A5C86D700F4CE19 /* ECMA 48.swift in Sources */,
				67A7B3A31D10499500280ABD /* Color · Named.swift in Sources */,
				67A7B3A21D10499500280ABD /* Color · EightBit.swift in Sources */,
				67A7B3A51D10499500280ABD /* ColorWrap.swift in Sources */,
				67A7B3A41D10499500280ABD /* Color.swift in Sources */,
				67B8DD7C1A5C86D700F4CE19 /* StyleParameter.swift in Sources */,
			);
			runOnlyForDeploymentPostprocessing = 0;
		};
		67B8DD681A5C86B500F4CE19 /* Sources */ = {
			isa = PBXSourcesBuildPhase;
			buildActionMask = 2147483647;
			files = (
				67E36B6D1A78267E00B3686F /* PrettyColorsTests.swift in Sources */,
				67E36B6E1A78305F00B3686F /* Equality.swift in Sources */,
			);
			runOnlyForDeploymentPostprocessing = 0;
		};
/* End PBXSourcesBuildPhase section */

/* Begin PBXTargetDependency section */
		67B8DD6F1A5C86B500F4CE19 /* PBXTargetDependency */ = {
			isa = PBXTargetDependency;
			target = 67B8DD611A5C86B400F4CE19 /* PrettyColors */;
			targetProxy = 67B8DD6E1A5C86B500F4CE19 /* PBXContainerItemProxy */;
		};
/* End PBXTargetDependency section */

/* Begin XCBuildConfiguration section */
		673900BF1A546F2D0066713B /* Debug */ = {
			isa = XCBuildConfiguration;
			buildSettings = {
				CLANG_CXX_LANGUAGE_STANDARD = "gnu++0x";
				CLANG_CXX_LIBRARY = "libc++";
				CLANG_ENABLE_MODULES = YES;
				CLANG_ENABLE_OBJC_ARC = YES;
				CLANG_WARN_BOOL_CONVERSION = YES;
				CLANG_WARN_CONSTANT_CONVERSION = YES;
				CLANG_WARN_DIRECT_OBJC_ISA_USAGE = YES_ERROR;
				CLANG_WARN_EMPTY_BODY = YES;
				CLANG_WARN_ENUM_CONVERSION = YES;
				CLANG_WARN_INT_CONVERSION = YES;
				CLANG_WARN_OBJC_ROOT_CLASS = YES_ERROR;
				CLANG_WARN_UNREACHABLE_CODE = YES;
				CLANG_WARN__DUPLICATE_METHOD_MATCH = YES;
				CURRENT_PROJECT_VERSION = 1;
				ENABLE_STRICT_OBJC_MSGSEND = YES;
				ENABLE_TESTABILITY = YES;
				GCC_C_LANGUAGE_STANDARD = gnu99;
				GCC_DYNAMIC_NO_PIC = NO;
				GCC_NO_COMMON_BLOCKS = YES;
				GCC_OPTIMIZATION_LEVEL = 0;
				GCC_PREPROCESSOR_DEFINITIONS = (
					"DEBUG=1",
					"$(inherited)",
				);
				GCC_SYMBOLS_PRIVATE_EXTERN = NO;
				GCC_WARN_64_TO_32_BIT_CONVERSION = YES;
				GCC_WARN_ABOUT_RETURN_TYPE = YES_ERROR;
				GCC_WARN_UNDECLARED_SELECTOR = YES;
				GCC_WARN_UNINITIALIZED_AUTOS = YES_AGGRESSIVE;
				GCC_WARN_UNUSED_FUNCTION = YES;
				GCC_WARN_UNUSED_VARIABLE = YES;
				ONLY_ACTIVE_ARCH = YES;
				PRODUCT_NAME = "$(PROJECT_NAME)";
				VERSION_INFO_PREFIX = "";
				WARNING_CFLAGS = (
					"-Wno-error=unknown-warning-option",
					"-Wno-gcc-compat",
					"-Wno-unused-const-variable",
					"-Wno-unused",
					"-Wno-unused-result",
					"-Wno-unused-value",
				);
			};
			name = Debug;
		};
		673900C01A546F2D0066713B /* Release */ = {
			isa = XCBuildConfiguration;
			buildSettings = {
				CLANG_CXX_LANGUAGE_STANDARD = "gnu++0x";
				CLANG_CXX_LIBRARY = "libc++";
				CLANG_ENABLE_MODULES = YES;
				CLANG_ENABLE_OBJC_ARC = YES;
				CLANG_WARN_BOOL_CONVERSION = YES;
				CLANG_WARN_CONSTANT_CONVERSION = YES;
				CLANG_WARN_DIRECT_OBJC_ISA_USAGE = YES_ERROR;
				CLANG_WARN_EMPTY_BODY = YES;
				CLANG_WARN_ENUM_CONVERSION = YES;
				CLANG_WARN_INT_CONVERSION = YES;
				CLANG_WARN_OBJC_ROOT_CLASS = YES_ERROR;
				CLANG_WARN_UNREACHABLE_CODE = YES;
				CLANG_WARN__DUPLICATE_METHOD_MATCH = YES;
				CURRENT_PROJECT_VERSION = 1;
				ENABLE_STRICT_OBJC_MSGSEND = YES;
				GCC_C_LANGUAGE_STANDARD = gnu99;
				GCC_NO_COMMON_BLOCKS = YES;
				GCC_WARN_64_TO_32_BIT_CONVERSION = YES;
				GCC_WARN_ABOUT_RETURN_TYPE = YES_ERROR;
				GCC_WARN_UNDECLARED_SELECTOR = YES;
				GCC_WARN_UNINITIALIZED_AUTOS = YES_AGGRESSIVE;
				GCC_WARN_UNUSED_FUNCTION = YES;
				GCC_WARN_UNUSED_VARIABLE = YES;
				PRODUCT_NAME = "$(PROJECT_NAME)";
				VERSION_INFO_PREFIX = "";
				WARNING_CFLAGS = (
					"-Wno-error=unknown-warning-option",
					"-Wno-gcc-compat",
					"-Wno-unused-const-variable",
					"-Wno-unused",
					"-Wno-unused-result",
					"-Wno-unused-value",
				);
			};
			name = Release;
		};
		67B8DD761A5C86B500F4CE19 /* Debug */ = {
			isa = XCBuildConfiguration;
			baseConfigurationReference = 6706DD661D2456F500B22F19 /* Configuration.xcconfig */;
			buildSettings = {
				PRODUCT_BUNDLE_IDENTIFIER = "com.jdhealy.$(PRODUCT_NAME:rfc1034identifier)";
				SWIFT_VERSION = 3.0;
			};
			name = Debug;
		};
		67B8DD771A5C86B500F4CE19 /* Release */ = {
			isa = XCBuildConfiguration;
			baseConfigurationReference = 6706DD661D2456F500B22F19 /* Configuration.xcconfig */;
			buildSettings = {
				PRODUCT_BUNDLE_IDENTIFIER = "com.jdhealy.$(PRODUCT_NAME:rfc1034identifier)";
				SWIFT_VERSION = 3.0;
			};
			name = Release;
		};
		67B8DD791A5C86B500F4CE19 /* Debug */ = {
			isa = XCBuildConfiguration;
			baseConfigurationReference = 6706DD681D2456FF00B22F19 /* Configuration.xcconfig */;
			buildSettings = {
				INFOPLIST_FILE = "Tests/Supporting Files/Info.plist";
				PRODUCT_BUNDLE_IDENTIFIER = "com.jdhealy.$(PRODUCT_NAME:rfc1034identifier)";
				SWIFT_VERSION = 3.0;
			};
			name = Debug;
		};
		67B8DD7A1A5C86B500F4CE19 /* Release */ = {
			isa = XCBuildConfiguration;
			baseConfigurationReference = 6706DD681D2456FF00B22F19 /* Configuration.xcconfig */;
			buildSettings = {
				INFOPLIST_FILE = "Tests/Supporting Files/Info.plist";
				PRODUCT_BUNDLE_IDENTIFIER = "com.jdhealy.$(PRODUCT_NAME:rfc1034identifier)";
				SWIFT_VERSION = 3.0;
			};
			name = Release;
		};
/* End XCBuildConfiguration section */

/* Begin XCConfigurationList section */
		673900A51A546F2C0066713B /* Build configuration list for PBXProject "PrettyColors" */ = {
			isa = XCConfigurationList;
			buildConfigurations = (
				673900BF1A546F2D0066713B /* Debug */,
				673900C01A546F2D0066713B /* Release */,
			);
			defaultConfigurationIsVisible = 0;
			defaultConfigurationName = Release;
		};
		67B8DD751A5C86B500F4CE19 /* Build configuration list for PBXNativeTarget "PrettyColors" */ = {
			isa = XCConfigurationList;
			buildConfigurations = (
				67B8DD761A5C86B500F4CE19 /* Debug */,
				67B8DD771A5C86B500F4CE19 /* Release */,
			);
			defaultConfigurationIsVisible = 0;
			defaultConfigurationName = Release;
		};
		67B8DD781A5C86B500F4CE19 /* Build configuration list for PBXNativeTarget "PrettyColorsTests" */ = {
			isa = XCConfigurationList;
			buildConfigurations = (
				67B8DD791A5C86B500F4CE19 /* Debug */,
				67B8DD7A1A5C86B500F4CE19 /* Release */,
			);
			defaultConfigurationIsVisible = 0;
			defaultConfigurationName = Release;
		};
/* End XCConfigurationList section */
	};
	rootObject = 673900A21A546F2C0066713B /* Project object */;
}
